{
  "requires": true,
  "lockfileVersion": 1,
  "dependencies": {
    "@dudadev/random-img": {
      "version": "1.0.1",
      "resolved": "https://registry.npmjs.org/@dudadev/random-img/-/random-img-1.0.1.tgz",
      "integrity": "sha512-kl1SrO3+bZ3mzGyqoWLopKC1qK6Q7PhZrrFpSN9hYBcUvd3YxUqUwh7L2xh4nEfSpkjFZV3ZRvaJYu8faI9GKg=="
    }
  }
}
